// !$*UTF8*$!
{
	archiveVersion = 1;
	classes = {
	};
	objectVersion = 46;
	objects = {

/* Begin PBXBuildFile section */
		BC37AAE61DF64FCE00B61CBC /* main.m in Sources */ = {isa = PBXBuildFile; fileRef = BC37AAE51DF64FCE00B61CBC /* main.m */; };
		BC37AAE91DF64FCE00B61CBC /* AppDelegate.m in Sources */ = {isa = PBXBuildFile; fileRef = BC37AAE81DF64FCE00B61CBC /* AppDelegate.m */; };
		BC37AAEC1DF64FCE00B61CBC /* ViewController.m in Sources */ = {isa = PBXBuildFile; fileRef = BC37AAEB1DF64FCE00B61CBC /* ViewController.m */; };
		BC37AAEF1DF64FCE00B61CBC /* Main.storyboard in Resources */ = {isa = PBXBuildFile; fileRef = BC37AAED1DF64FCE00B61CBC /* Main.storyboard */; };
		BC37AAF11DF64FCE00B61CBC /* Assets.xcassets in Resources */ = {isa = PBXBuildFile; fileRef = BC37AAF01DF64FCE00B61CBC /* Assets.xcassets */; };
		BC37AAF41DF64FCE00B61CBC /* LaunchScreen.storyboard in Resources */ = {isa = PBXBuildFile; fileRef = BC37AAF21DF64FCE00B61CBC /* LaunchScreen.storyboard */; };
/* End PBXBuildFile section */

/* Begin PBXFileReference section */
		BC37AAE11DF64FCE00B61CBC /* iOS1612zzyy.app */ = {isa = PBXFileReference; explicitFileType = wrapper.application; includeInIndex = 0; path = iOS1612zzyy.app; sourceTree = BUILT_PRODUCTS_DIR; };
		BC37AAE51DF64FCE00B61CBC /* main.m */ = {isa = PBXFileReference; lastKnownFileType = sourcecode.c.objc; path = main.m; sourceTree = "<group>"; };
		BC37AAE71DF64FCE00B61CBC /* AppDelegate.h */ = {isa = PBXFileReference; lastKnownFileType = sourcecode.c.h; path = AppDelegate.h; sourceTree = "<group>"; };
		BC37AAE81DF64FCE00B61CBC /* AppDelegate.m */ = {isa = PBXFileReference; lastKnownFileType = sourcecode.c.objc; path = AppDelegate.m; sourceTree = "<group>"; };
		BC37AAEA1DF64FCE00B61CBC /* ViewController.h */ = {isa = PBXFileReference; lastKnownFileType = sourcecode.c.h; path = ViewController.h; sourceTree = "<group>"; };
		BC37AAEB1DF64FCE00B61CBC /* ViewController.m */ = {isa = PBXFileReference; lastKnownFileType = sourcecode.c.objc; path = ViewController.m; sourceTree = "<group>"; };
		BC37AAEE1DF64FCE00B61CBC /* Base */ = {isa = PBXFileReference; lastKnownFileType = file.storyboard; name = Base; path = Base.lproj/Main.storyboard; sourceTree = "<group>"; };
		BC37AAF01DF64FCE00B61CBC /* Assets.xcassets */ = {isa = PBXFileReference; lastKnownFileType = folder.assetcatalog; path = Assets.xcassets; sourceTree = "<group>"; };
		BC37AAF31DF64FCE00B61CBC /* Base */ = {isa = PBXFileReference; lastKnownFileType = file.storyboard; name = Base; path = Base.lproj/LaunchScreen.storyboard; sourceTree = "<group>"; };
		BC37AAF51DF64FCE00B61CBC /* Info.plist */ = {isa = PBXFileReference; lastKnownFileType = text.plist.xml; path = Info.plist; sourceTree = "<group>"; };
/* End PBXFileReference section */

/* Begin PBXFrameworksBuildPhase section */
		BC37AADE1DF64FCD00B61CBC /* Frameworks */ = {
			isa = PBXFrameworksBuildPhase;
			buildActionMask = 2147483647;
			files = (
			);
			runOnlyForDeploymentPostprocessing = 0;
		};
/* End PBXFrameworksBuildPhase section */

/* Begin PBXGroup section */
		BC37AAD81DF64FCD00B61CBC = {
			isa = PBXGroup;
			children = (
				BC37AAE31DF64FCE00B61CBC /* iOS1612zzyy */,
				BC37AAE21DF64FCE00B61CBC /* Products */,
			);
			sourceTree = "<group>";
		};
		BC37AAE21DF64FCE00B61CBC /* Products */ = {
			isa = PBXGroup;
			children = (
				BC37AAE11DF64FCE00B61CBC /* iOS1612zzyy.app */,
			);
			name = Products;
			sourceTree = "<group>";
		};
		BC37AAE31DF64FCE00B61CBC /* iOS1612zzyy */ = {
			isa = PBXGroup;
			children = (
				BC37AAE71DF64FCE00B61CBC /* AppDelegate.h */,
				BC37AAE81DF64FCE00B61CBC /* AppDelegate.m */,
				BC37AAEA1DF64FCE00B61CBC /* ViewController.h */,
				BC37AAEB1DF64FCE00B61CBC /* ViewController.m */,
				BC37AAED1DF64FCE00B61CBC /* Main.storyboard */,
				BC37AAF01DF64FCE00B61CBC /* Assets.xcassets */,
				BC37AAF21DF64FCE00B61CBC /* LaunchScreen.storyboard */,
				BC37AAF51DF64FCE00B61CBC /* Info.plist */,
				BC37AAE41DF64FCE00B61CBC /* Supporting Files */,
			);
			path = iOS1612zzyy;
			sourceTree = "<group>";
		};
		BC37AAE41DF64FCE00B61CBC /* Supporting Files */ = {
			isa = PBXGroup;
			children = (
				BC37AAE51DF64FCE00B61CBC /* main.m */,
			);
			name = "Supporting Files";
			sourceTree = "<group>";
		};
/* End PBXGroup section */

/* Begin PBXNativeTarget section */
		BC37AAE01DF64FCD00B61CBC /* iOS1612zzyy */ = {
			isa = PBXNativeTarget;
			buildConfigurationList = BC37AAF81DF64FCE00B61CBC /* Build configuration list for PBXNativeTarget "iOS1612zzyy" */;
			buildPhases = (
				BC37AADD1DF64FCD00B61CBC /* Sources */,
				BC37AADE1DF64FCD00B61CBC /* Frameworks */,
				BC37AADF1DF64FCD00B61CBC /* Resources */,
			);
			buildRules = (
			);
			dependencies = (
			);
			name = iOS1612zzyy;
			productName = iOS1612zzyy;
			productReference = BC37AAE11DF64FCE00B61CBC /* iOS1612zzyy.app */;
			productType = "com.apple.product-type.application";
		};
/* End PBXNativeTarget section */

/* Begin PBXProject section */
		BC37AAD91DF64FCD00B61CBC /* Project object */ = {
			isa = PBXProject;
			attributes = {
				LastUpgradeCheck = 0800;
				ORGANIZATIONNAME = "张也";
				TargetAttributes = {
					BC37AAE01DF64FCD00B61CBC = {
						CreatedOnToolsVersion = 8.0;
						ProvisioningStyle = Automatic;
					};
				};
			};
			buildConfigurationList = BC37AADC1DF64FCD00B61CBC /* Build configuration list for PBXProject "iOS1612zzyy" */;
			compatibilityVersion = "Xcode 3.2";
			developmentRegion = English;
			hasScannedForEncodings = 0;
			knownRegions = (
				en,
				Base,
			);
			mainGroup = BC37AAD81DF64FCD00B61CBC;
			productRefGroup = BC37AAE21DF64FCE00B61CBC /* Products */;
			projectDirPath = "";
			projectRoot = "";
			targets = (
				BC37AAE01DF64FCD00B61CBC /* iOS1612zzyy */,
			);
		};
/* End PBXProject section */

/* Begin PBXResourcesBuildPhase section */
		BC37AADF1DF64FCD00B61CBC /* Resources */ = {
			isa = PBXResourcesBuildPhase;
			buildActionMask = 2147483647;
			files = (
				BC37AAF41DF64FCE00B61CBC /* LaunchScreen.storyboard in Resources */,
				BC37AAF11DF64FCE00B61CBC /* Assets.xcassets in Resources */,
				BC37AAEF1DF64FCE00B61CBC /* Main.storyboard in Resources */,
			);
			runOnlyForDeploymentPostprocessing = 0;
		};
/* End PBXResourcesBuildPhase section */

/* Begin PBXSourcesBuildPhase section */
		BC37AADD1DF64FCD00B61CBC /* Sources */ = {
			isa = PBXSourcesBuildPhase;
			buildActionMask = 2147483647;
			files = (
				BC37AAEC1DF64FCE00B61CBC /* ViewController.m in Sources */,
				BC37AAE91DF64FCE00B61CBC /* AppDelegate.m in Sources */,
				BC37AAE61DF64FCE00B61CBC /* main.m in Sources */,
			);
			runOnlyForDeploymentPostprocessing = 0;
		};
/* End PBXSourcesBuildPhase section */

/* Begin PBXVariantGroup section */
		BC37AAED1DF64FCE00B61CBC /* Main.storyboard */ = {
			isa = PBXVariantGroup;
			children = (
				BC37AAEE1DF64FCE00B61CBC /* Base */,
			);
			name = Main.storyboard;
			sourceTree = "<group>";
		};
		BC37AAF21DF64FCE00B61CBC /* LaunchScreen.storyboard */ = {
			isa = PBXVariantGroup;
			children = (
				BC37AAF31DF64FCE00B61CBC /* Base */,
			);
			name = LaunchScreen.storyboard;
			sourceTree = "<group>";
		};
/* End PBXVariantGroup section */

/* Begin XCBuildConfiguration section */
		BC37AAF61DF64FCE00B61CBC /* Debug */ = {
			isa = XCBuildConfiguration;
			buildSettings = {
				ALWAYS_SEARCH_USER_PATHS = NO;
				CLANG_ANALYZER_NONNULL = YES;
				CLANG_CXX_LANGUAGE_STANDARD = "gnu++0x";
				CLANG_CXX_LIBRARY = "libc++";
				CLANG_ENABLE_MODULES = YES;
				CLANG_ENABLE_OBJC_ARC = YES;
				CLANG_WARN_BOOL_CONVERSION = YES;
				CLANG_WARN_CONSTANT_CONVERSION = YES;
				CLANG_WARN_DIRECT_OBJC_ISA_USAGE = YES_ERROR;
				CLANG_WARN_DOCUMENTATION_COMMENTS = YES;
				CLANG_WARN_EMPTY_BODY = YES;
				CLANG_WARN_ENUM_CONVERSION = YES;
				CLANG_WARN_INFINITE_RECURSION = YES;
				CLANG_WARN_INT_CONVERSION = YES;
				CLANG_WARN_OBJC_ROOT_CLASS = YES_ERROR;
				CLANG_WARN_SUSPICIOUS_MOVES = YES;
				CLANG_WARN_UNREACHABLE_CODE = YES;
				CLANG_WARN__DUPLICATE_METHOD_MATCH = YES;
				"CODE_SIGN_IDENTITY[sdk=iphoneos*]" = "iPhone Developer";
				COPY_PHASE_STRIP = NO;
				DEBUG_INFORMATION_FORMAT = dwarf;
				ENABLE_STRICT_OBJC_MSGSEND = YES;
				ENABLE_TESTABILITY = YES;
				GCC_C_LANGUAGE_STANDARD = gnu99;
				GCC_DYNAMIC_NO_PIC = NO;
				GCC_NO_COMMON_BLOCKS = YES;
				GCC_OPTIMIZATION_LEVEL = 0;
				GCC_PREPROCESSOR_DEFINITIONS = (
					"DEBUG=1",
					"$(inherited)",
				);
				GCC_WARN_64_TO_32_BIT_CONVERSION = YES;
				GCC_WARN_ABOUT_RETURN_TYPE = YES_ERROR;
				GCC_WARN_UNDECLARED_SELECTOR = YES;
				GCC_WARN_UNINITIALIZED_AUTOS = YES_AGGRESSIVE;
				GCC_WARN_UNUSED_FUNCTION = YES;
				GCC_WARN_UNUSED_VARIABLE = YES;
				IPHONEOS_DEPLOYMENT_TARGET = 10.0;
				MTL_ENABLE_DEBUG_INFO = YES;
				ONLY_ACTIVE_ARCH = YES;
				SDKROOT = iphoneos;
				TARGETED_DEVICE_FAMILY = "1,2";
			};
			name = Debug;
		};
		BC37AAF71DF64FCE00B61CBC /* Release */ = {
			isa = XCBuildConfiguration;
			buildSettings = {
				ALWAYS_SEARCH_USER_PATHS = NO;
				CLANG_ANALYZER_NONNULL = YES;
				CLANG_CXX_LANGUAGE_STANDARD = "gnu++0x";
				CLANG_CXX_LIBRARY = "libc++";
				CLANG_ENABLE_MODULES = YES;
				CLANG_ENABLE_OBJC_ARC = YES;
				CLANG_WARN_BOOL_CONVERSION = YES;
				CLANG_WARN_CONSTANT_CONVERSION = YES;
				CLANG_WARN_DIRECT_OBJC_ISA_USAGE = YES_ERROR;
				CLANG_WARN_DOCUMENTATION_COMMENTS = YES;
				CLANG_WARN_EMPTY_BODY = YES;
				CLANG_WARN_ENUM_CONVERSION = YES;
				CLANG_WARN_INFINITE_RECURSION = YES;
				CLANG_WARN_INT_CONVERSION = YES;
				CLANG_WARN_OBJC_ROOT_CLASS = YES_ERROR;
				CLANG_WARN_SUSPICIOUS_MOVES = YES;
				CLANG_WARN_UNREACHABLE_CODE = YES;
				CLANG_WARN__DUPLICATE_METHOD_MATCH = YES;
				"CODE_SIGN_IDENTITY[sdk=iphoneos*]" = "iPhone Developer";
				COPY_PHASE_STRIP = NO;
				DEBUG_INFORMATION_FORMAT = "dwarf-with-dsym";
				ENABLE_NS_ASSERTIONS = NO;
				ENABLE_STRICT_OBJC_MSGSEND = YES;
				GCC_C_LANGUAGE_STANDARD = gnu99;
				GCC_NO_COMMON_BLOCKS = YES;
				GCC_WARN_64_TO_32_BIT_CONVERSION = YES;
				GCC_WARN_ABOUT_RETURN_TYPE = YES_ERROR;
				GCC_WARN_UNDECLARED_SELECTOR = YES;
				GCC_WARN_UNINITIALIZED_AUTOS = YES_AGGRESSIVE;
				GCC_WARN_UNUSED_FUNCTION = YES;
				GCC_WARN_UNUSED_VARIABLE = YES;
				IPHONEOS_DEPLOYMENT_TARGET = 10.0;
				MTL_ENABLE_DEBUG_INFO = NO;
				SDKROOT = iphoneos;
				TARGETED_DEVICE_FAMILY = "1,2";
				VALIDATE_PRODUCT = YES;
			};
			name = Release;
		};
		BC37AAF91DF64FCE00B61CBC /* Debug */ = {
			isa = XCBuildConfiguration;
			buildSettings = {
				ASSETCATALOG_COMPILER_APPICON_NAME = AppIcon;
				INFOPLIST_FILE = iOS1612zzyy/Info.plist;
				LD_RUNPATH_SEARCH_PATHS = "$(inherited) @executable_path/Frameworks";
				PRODUCT_BUNDLE_IDENTIFIER = com.JN.iOS1612zzyy;
				PRODUCT_NAME = "$(TARGET_NAME)";
			};
			name = Debug;
		};
		BC37AAFA1DF64FCE00B61CBC /* Release */ = {
			isa = XCBuildConfiguration;
			buildSettings = {
				ASSETCATALOG_COMPILER_APPICON_NAME = AppIcon;
				INFOPLIST_FILE = iOS1612zzyy/Info.plist;
				LD_RUNPATH_SEARCH_PATHS = "$(inherited) @executable_path/Frameworks";
				PRODUCT_BUNDLE_IDENTIFIER = com.JN.iOS1612zzyy;
				PRODUCT_NAME = "$(TARGET_NAME)";
			};
			name = Release;
		};
/* End XCBuildConfiguration section */

/* Begin XCConfigurationList section */
		BC37AADC1DF64FCD00B61CBC /* Build configuration list for PBXProject "iOS1612zzyy" */ = {
			isa = XCConfigurationList;
			buildConfigurations = (
				BC37AAF61DF64FCE00B61CBC /* Debug */,
				BC37AAF71DF64FCE00B61CBC /* Release */,
			);
			defaultConfigurationIsVisible = 0;
			defaultConfigurationName = Release;
		};
		BC37AAF81DF64FCE00B61CBC /* Build configuration list for PBXNativeTarget "iOS1612zzyy" */ = {
			isa = XCConfigurationList;
			buildConfigurations = (
				BC37AAF91DF64FCE00B61CBC /* Debug */,
				BC37AAFA1DF64FCE00B61CBC /* Release */,
			);
			defaultConfigurationIsVisible = 0;
			defaultConfigurationName = Release;
		};
/* End XCConfigurationList section */
	};
	rootObject = BC37AAD91DF64FCD00B61CBC /* Project object */;
}
